
Microsoft Visual Studio Solution File, Format Version 12.00
# Visual Studio Version 17
VisualStudioVersion = 17.10.34916.146
MinimumVisualStudioVersion = 10.0.40219.1
Project("{888888A0-9F3D-457C-B088-3A5042F75D52}") = "NFLDataPull", "NFLDataPull.pyproj", "{ADBFE622-8C3C-4463-9060-613D57E1F4FA}"
EndProject
Global
	GlobalSection(SolutionConfigurationPlatforms) = preSolution
		Debug|Any CPU = Debug|Any CPU
		Release|Any CPU = Release|Any CPU
	EndGlobalSection
	GlobalSection(ProjectConfigurationPlatforms) = postSolution
		{ADBFE622-8C3C-4463-9060-613D57E1F4FA}.Debug|Any CPU.ActiveCfg = Debug|Any CPU
		{ADBFE622-8C3C-4463-9060-613D57E1F4FA}.Release|Any CPU.ActiveCfg = Release|Any CPU
	EndGlobalSection
	GlobalSection(SolutionProperties) = preSolution
		HideSolutionNode = FALSE
	EndGlobalSection
	GlobalSection(ExtensibilityGlobals) = postSolution
		SolutionGuid = {A5709206-61DB-4DAC-AA66-D34768315B90}
	EndGlobalSection
EndGlobal
